{
    "name": "vscode-auto-complete-issue",
    "version": "1.0.0",
    "lockfileVersion": 1,
    "requires": true,
    "dependencies": {
        "core-decorators": {
            "version": "0.20.0",
            "resolved": "https://registry.npmjs.org/core-decorators/-/core-decorators-0.20.0.tgz",
            "integrity": "sha1-YFiWYkBTr4wo775zXCWjAaYcZcU="
        },
        "typescript": {
            "version": "3.4.0-dev.20190316",
            "resolved": "https://registry.npmjs.org/typescript/-/typescript-3.4.0-dev.20190316.tgz",
            "integrity": "sha512-BMkCN4Eb1L4pJi7aU+y6rvDrO9v0qEJ/vdXFapdCX3I3q5bT4/77oGXP7gFQkpaUDnxs+m907PGQYiClITDpng=="
        }
    }
}
